{
  "name": "script",
  "version": "1.0.0",
  "lockfileVersion": 2,
  "requires": true,
  "packages": {
    "": {
      "name": "script",
      "version": "1.0.0",
      "license": "ISC",
      "dependencies": {
        "js-yaml": "^4.1.0",
        "properties-reader": "^2.2.0"
      }
    },
    "node_modules/argparse": {
      "version": "2.0.1",
      "resolved": "https://registry.npmmirror.com/argparse/-/argparse-2.0.1.tgz",
      "integrity": "sha512-8+9WqebbFzpX9OR+Wa6O29asIogeRMzcGtAINdpMHHyAg10f05aSFVBbcEqGf/PXw1EjAZ+q2/bEBg3DvurK3Q=="
    },
    "node_modules/js-yaml": {
      "version": "4.1.0",
      "resolved": "https://registry.npmmirror.com/js-yaml/-/js-yaml-4.1.0.tgz",
      "integrity": "sha512-wpxZs9NoxZaJESJGIZTyDEaYpl0FKSA+FB9aJiyemKhMwkxQg63h4T1KJgUGHpTqPDNRcmmYLugrRjJlBtWvRA==",
      "dependencies": {
        "argparse": "^2.0.1"
      },
      "bin": {
        "js-yaml": "bin/js-yaml.js"
      }
    },
    "node_modules/mkdirp": {
      "version": "1.0.4",
      "resolved": "https://registry.npmmirror.com/mkdirp/-/mkdirp-1.0.4.tgz",
      "integrity": "sha512-vVqVZQyf3WLx2Shd0qJ9xuvqgAyKPLAiqITEtqW0oIUjzo3PePDd6fW9iFz30ef7Ysp/oiWqbhszeGWW2T6Gzw==",
      "bin": {
        "mkdirp": "bin/cmd.js"
      },
      "engines": {
        "node": ">=10"
      }
    },
    "node_modules/properties-reader": {
      "version": "2.2.0",
      "resolved": "https://registry.npmmirror.com/properties-reader/-/properties-reader-2.2.0.tgz",
      "integrity": "sha512-CgVcr8MwGoBKK24r9TwHfZkLLaNFHQ6y4wgT9w/XzdpacOOi5ciH4hcuLechSDAwXsfrGQtI2JTutY2djOx2Ow==",
      "dependencies": {
        "mkdirp": "^1.0.4"
      },
      "engines": {
        "node": ">=10"
      }
    }
  },
  "dependencies": {
    "argparse": {
      "version": "2.0.1",
      "resolved": "https://registry.npmmirror.com/argparse/-/argparse-2.0.1.tgz",
      "integrity": "sha512-8+9WqebbFzpX9OR+Wa6O29asIogeRMzcGtAINdpMHHyAg10f05aSFVBbcEqGf/PXw1EjAZ+q2/bEBg3DvurK3Q=="
    },
    "js-yaml": {
      "version": "4.1.0",
      "resolved": "https://registry.npmmirror.com/js-yaml/-/js-yaml-4.1.0.tgz",
      "integrity": "sha512-wpxZs9NoxZaJESJGIZTyDEaYpl0FKSA+FB9aJiyemKhMwkxQg63h4T1KJgUGHpTqPDNRcmmYLugrRjJlBtWvRA==",
      "requires": {
        "argparse": "^2.0.1"
      }
    },
    "mkdirp": {
      "version": "1.0.4",
      "resolved": "https://registry.npmmirror.com/mkdirp/-/mkdirp-1.0.4.tgz",
      "integrity": "sha512-vVqVZQyf3WLx2Shd0qJ9xuvqgAyKPLAiqITEtqW0oIUjzo3PePDd6fW9iFz30ef7Ysp/oiWqbhszeGWW2T6Gzw=="
    },
    "properties-reader": {
      "version": "2.2.0",
      "resolved": "https://registry.npmmirror.com/properties-reader/-/properties-reader-2.2.0.tgz",
      "integrity": "sha512-CgVcr8MwGoBKK24r9TwHfZkLLaNFHQ6y4wgT9w/XzdpacOOi5ciH4hcuLechSDAwXsfrGQtI2JTutY2djOx2Ow==",
      "requires": {
        "mkdirp": "^1.0.4"
      }
    }
  }
}
